Microsoft Visual Studio Solution File, Format Version 12.00
# Visual Studio Version 17
VisualStudioVersion = 17.5.2.0
MinimumVisualStudioVersion = 10.0.40219.1
Project("{FAE04EC0-301F-11D3-BF4B-00C04F79EFBC}") = "OutilRentabilite", "OutilRentabilite.csproj", "{6678101F-67DE-4564-0A26-660FEB9483CC}"
EndProject
Global
	GlobalSection(SolutionConfigurationPlatforms) = preSolution
		Debug|Any CPU = Debug|Any CPU
		Release|Any CPU = Release|Any CPU
	EndGlobalSection
	GlobalSection(ProjectConfigurationPlatforms) = postSolution
		{6678101F-67DE-4564-0A26-660FEB9483CC}.Debug|Any CPU.ActiveCfg = Debug|Any CPU
		{6678101F-67DE-4564-0A26-660FEB9483CC}.Debug|Any CPU.Build.0 = Debug|Any CPU
		{6678101F-67DE-4564-0A26-660FEB9483CC}.Release|Any CPU.ActiveCfg = Release|Any CPU
		{6678101F-67DE-4564-0A26-660FEB9483CC}.Release|Any CPU.Build.0 = Release|Any CPU
	EndGlobalSection
	GlobalSection(SolutionProperties) = preSolution
		HideSolutionNode = FALSE
	EndGlobalSection
	GlobalSection(ExtensibilityGlobals) = postSolution
		SolutionGuid = {C22FD097-DE28-449B-AFAF-4263F2C114FB}
	EndGlobalSection
EndGlobal
